PODS:
  - appinio_social_share (0.0.1):
    - FBSDKCoreKit (= 16.1.3)
    - FBSDKShareKit (= 16.1.3)
    - Flutter
  - FBAEMKit (16.1.3):
    - FBSDKCoreKit_Basics (= 16.1.3)
  - FBSDKCoreKit (16.1.3):
    - FBAEMKit (= 16.1.3)
    - FBSDKCoreKit_Basics (= 16.1.3)
  - FBSDKCoreKit_Basics (16.1.3)
  - FBSDKShareKit (16.1.3):
    - FBSDKCoreKit (= 16.1.3)
  - Flutter (1.0.0)

DEPENDENCIES:
  - appinio_social_share (from `.symlinks/plugins/appinio_social_share/ios`)
  - Flutter (from `Flutter`)

SPEC REPOS:
  trunk:
    - FBAEMKit
    - FBSDKCoreKit
    - FBSDKCoreKit_Basics
    - FBSDKShareKit

EXTERNAL SOURCES:
  appinio_social_share:
    :path: ".symlinks/plugins/appinio_social_share/ios"
  Flutter:
    :path: Flutter

SPEC CHECKSUMS:
  appinio_social_share: 389cc0cafc8603cbc4c5e798f874d5b854ac0a4a
  FBAEMKit: af2972f39bb0f3f7c45998f435b007833c32ffb2
  FBSDKCoreKit: 19e2e18b3be578d7a51fed8fdd8c152bef0b9511
  FBSDKCoreKit_Basics: dd9826ce3c9fd9f8cdf8dbbd0ef0a53e6c0c9e7e
  FBSDKShareKit: de5c291ad414ec07048ab09bae1b1b74b3ed92fe
  Flutter: e0871f40cf51350855a761d2e70bf5af5b9b5de7

PODFILE CHECKSUM: 819463e6a0290f5a72f145ba7cde16e8b6ef0796

COCOAPODS: 1.15.2
